// !$*UTF8*$!
{
	archiveVersion = 1;
	classes = {
	};
	objectVersion = 50;
	objects = {

/* Begin PBXBuildFile section */
		3F30C27021F0FC0300DB146F /* AppDelegate.swift in Sources */ = {isa = PBXBuildFile; fileRef = 3F30C26F21F0FC0300DB146F /* AppDelegate.swift */; };
		3F30C27221F0FC0300DB146F /* ViewController.swift in Sources */ = {isa = PBXBuildFile; fileRef = 3F30C27121F0FC0300DB146F /* ViewController.swift */; };
		3F30C27521F0FC0300DB146F /* Main.storyboard in Resources */ = {isa = PBXBuildFile; fileRef = 3F30C27321F0FC0300DB146F /* Main.storyboard */; };
		3F30C27721F0FC0400DB146F /* Assets.xcassets in Resources */ = {isa = PBXBuildFile; fileRef = 3F30C27621F0FC0400DB146F /* Assets.xcassets */; };
		3F30C27A21F0FC0400DB146F /* LaunchScreen.storyboard in Resources */ = {isa = PBXBuildFile; fileRef = 3F30C27821F0FC0400DB146F /* LaunchScreen.storyboard */; };
		3F30C28521F0FC0400DB146F /* AlexSahaBlankAppTests.swift in Sources */ = {isa = PBXBuildFile; fileRef = 3F30C28421F0FC0400DB146F /* AlexSahaBlankAppTests.swift */; };
		3F30C29021F0FC0400DB146F /* AlexSahaBlankAppUITests.swift in Sources */ = {isa = PBXBuildFile; fileRef = 3F30C28F21F0FC0400DB146F /* AlexSahaBlankAppUITests.swift */; };
/* End PBXBuildFile section */

/* Begin PBXContainerItemProxy section */
		3F30C28121F0FC0400DB146F /* PBXContainerItemProxy */ = {
			isa = PBXContainerItemProxy;
			containerPortal = 3F30C26421F0FC0300DB146F /* Project object */;
			proxyType = 1;
			remoteGlobalIDString = 3F30C26B21F0FC0300DB146F;
			remoteInfo = AlexSahaBlankApp;
		};
		3F30C28C21F0FC0400DB146F /* PBXContainerItemProxy */ = {
			isa = PBXContainerItemProxy;
			containerPortal = 3F30C26421F0FC0300DB146F /* Project object */;
			proxyType = 1;
			remoteGlobalIDString = 3F30C26B21F0FC0300DB146F;
			remoteInfo = AlexSahaBlankApp;
		};
/* End PBXContainerItemProxy section */

/* Begin PBXFileReference section */
		3F30C26C21F0FC0300DB146F /* AlexSahaBlankApp.app */ = {isa = PBXFileReference; explicitFileType = wrapper.application; includeInIndex = 0; path = AlexSahaBlankApp.app; sourceTree = BUILT_PRODUCTS_DIR; };
		3F30C26F21F0FC0300DB146F /* AppDelegate.swift */ = {isa = PBXFileReference; lastKnownFileType = sourcecode.swift; path = AppDelegate.swift; sourceTree = "<group>"; };
		3F30C27121F0FC0300DB146F /* ViewController.swift */ = {isa = PBXFileReference; lastKnownFileType = sourcecode.swift; path = ViewController.swift; sourceTree = "<group>"; };
		3F30C27421F0FC0300DB146F /* Base */ = {isa = PBXFileReference; lastKnownFileType = file.storyboard; name = Base; path = Base.lproj/Main.storyboard; sourceTree = "<group>"; };
		3F30C27621F0FC0400DB146F /* Assets.xcassets */ = {isa = PBXFileReference; lastKnownFileType = folder.assetcatalog; path = Assets.xcassets; sourceTree = "<group>"; };
		3F30C27921F0FC0400DB146F /* Base */ = {isa = PBXFileReference; lastKnownFileType = file.storyboard; name = Base; path = Base.lproj/LaunchScreen.storyboard; sourceTree = "<group>"; };
		3F30C27B21F0FC0400DB146F /* Info.plist */ = {isa = PBXFileReference; lastKnownFileType = text.plist.xml; path = Info.plist; sourceTree = "<group>"; };
		3F30C28021F0FC0400DB146F /* AlexSahaBlankAppTests.xctest */ = {isa = PBXFileReference; explicitFileType = wrapper.cfbundle; includeInIndex = 0; path = AlexSahaBlankAppTests.xctest; sourceTree = BUILT_PRODUCTS_DIR; };
		3F30C28421F0FC0400DB146F /* AlexSahaBlankAppTests.swift */ = {isa = PBXFileReference; lastKnownFileType = sourcecode.swift; path = AlexSahaBlankAppTests.swift; sourceTree = "<group>"; };
		3F30C28621F0FC0400DB146F /* Info.plist */ = {isa = PBXFileReference; lastKnownFileType = text.plist.xml; path = Info.plist; sourceTree = "<group>"; };
		3F30C28B21F0FC0400DB146F /* AlexSahaBlankAppUITests.xctest */ = {isa = PBXFileReference; explicitFileType = wrapper.cfbundle; includeInIndex = 0; path = AlexSahaBlankAppUITests.xctest; sourceTree = BUILT_PRODUCTS_DIR; };
		3F30C28F21F0FC0400DB146F /* AlexSahaBlankAppUITests.swift */ = {isa = PBXFileReference; lastKnownFileType = sourcecode.swift; path = AlexSahaBlankAppUITests.swift; sourceTree = "<group>"; };
		3F30C29121F0FC0400DB146F /* Info.plist */ = {isa = PBXFileReference; lastKnownFileType = text.plist.xml; path = Info.plist; sourceTree = "<group>"; };
/* End PBXFileReference section */

/* Begin PBXFrameworksBuildPhase section */
		3F30C26921F0FC0300DB146F /* Frameworks */ = {
			isa = PBXFrameworksBuildPhase;
			buildActionMask = 2147483647;
			files = (
			);
			runOnlyForDeploymentPostprocessing = 0;
		};
		3F30C27D21F0FC0400DB146F /* Frameworks */ = {
			isa = PBXFrameworksBuildPhase;
			buildActionMask = 2147483647;
			files = (
			);
			runOnlyForDeploymentPostprocessing = 0;
		};
		3F30C28821F0FC0400DB146F /* Frameworks */ = {
			isa = PBXFrameworksBuildPhase;
			buildActionMask = 2147483647;
			files = (
			);
			runOnlyForDeploymentPostprocessing = 0;
		};
/* End PBXFrameworksBuildPhase section */

/* Begin PBXGroup section */
		3F30C26321F0FC0300DB146F = {
			isa = PBXGroup;
			children = (
				3F30C26E21F0FC0300DB146F /* AlexSahaBlankApp */,
				3F30C28321F0FC0400DB146F /* AlexSahaBlankAppTests */,
				3F30C28E21F0FC0400DB146F /* AlexSahaBlankAppUITests */,
				3F30C26D21F0FC0300DB146F /* Products */,
			);
			sourceTree = "<group>";
		};
		3F30C26D21F0FC0300DB146F /* Products */ = {
			isa = PBXGroup;
			children = (
				3F30C26C21F0FC0300DB146F /* AlexSahaBlankApp.app */,
				3F30C28021F0FC0400DB146F /* AlexSahaBlankAppTests.xctest */,
				3F30C28B21F0FC0400DB146F /* AlexSahaBlankAppUITests.xctest */,
			);
			name = Products;
			sourceTree = "<group>";
		};
		3F30C26E21F0FC0300DB146F /* AlexSahaBlankApp */ = {
			isa = PBXGroup;
			children = (
				3F30C26F21F0FC0300DB146F /* AppDelegate.swift */,
				3F30C27121F0FC0300DB146F /* ViewController.swift */,
				3F30C27321F0FC0300DB146F /* Main.storyboard */,
				3F30C27621F0FC0400DB146F /* Assets.xcassets */,
				3F30C27821F0FC0400DB146F /* LaunchScreen.storyboard */,
				3F30C27B21F0FC0400DB146F /* Info.plist */,
			);
			path = AlexSahaBlankApp;
			sourceTree = "<group>";
		};
		3F30C28321F0FC0400DB146F /* AlexSahaBlankAppTests */ = {
			isa = PBXGroup;
			children = (
				3F30C28421F0FC0400DB146F /* AlexSahaBlankAppTests.swift */,
				3F30C28621F0FC0400DB146F /* Info.plist */,
			);
			path = AlexSahaBlankAppTests;
			sourceTree = "<group>";
		};
		3F30C28E21F0FC0400DB146F /* AlexSahaBlankAppUITests */ = {
			isa = PBXGroup;
			children = (
				3F30C28F21F0FC0400DB146F /* AlexSahaBlankAppUITests.swift */,
				3F30C29121F0FC0400DB146F /* Info.plist */,
			);
			path = AlexSahaBlankAppUITests;
			sourceTree = "<group>";
		};
/* End PBXGroup section */

/* Begin PBXNativeTarget section */
		3F30C26B21F0FC0300DB146F /* AlexSahaBlankApp */ = {
			isa = PBXNativeTarget;
			buildConfigurationList = 3F30C29421F0FC0400DB146F /* Build configuration list for PBXNativeTarget "AlexSahaBlankApp" */;
			buildPhases = (
				3F30C26821F0FC0300DB146F /* Sources */,
				3F30C26921F0FC0300DB146F /* Frameworks */,
				3F30C26A21F0FC0300DB146F /* Resources */,
			);
			buildRules = (
			);
			dependencies = (
			);
			name = AlexSahaBlankApp;
			productName = AlexSahaBlankApp;
			productReference = 3F30C26C21F0FC0300DB146F /* AlexSahaBlankApp.app */;
			productType = "com.apple.product-type.application";
		};
		3F30C27F21F0FC0400DB146F /* AlexSahaBlankAppTests */ = {
			isa = PBXNativeTarget;
			buildConfigurationList = 3F30C29721F0FC0400DB146F /* Build configuration list for PBXNativeTarget "AlexSahaBlankAppTests" */;
			buildPhases = (
				3F30C27C21F0FC0400DB146F /* Sources */,
				3F30C27D21F0FC0400DB146F /* Frameworks */,
				3F30C27E21F0FC0400DB146F /* Resources */,
			);
			buildRules = (
			);
			dependencies = (
				3F30C28221F0FC0400DB146F /* PBXTargetDependency */,
			);
			name = AlexSahaBlankAppTests;
			productName = AlexSahaBlankAppTests;
			productReference = 3F30C28021F0FC0400DB146F /* AlexSahaBlankAppTests.xctest */;
			productType = "com.apple.product-type.bundle.unit-test";
		};
		3F30C28A21F0FC0400DB146F /* AlexSahaBlankAppUITests */ = {
			isa = PBXNativeTarget;
			buildConfigurationList = 3F30C29A21F0FC0400DB146F /* Build configuration list for PBXNativeTarget "AlexSahaBlankAppUITests" */;
			buildPhases = (
				3F30C28721F0FC0400DB146F /* Sources */,
				3F30C28821F0FC0400DB146F /* Frameworks */,
				3F30C28921F0FC0400DB146F /* Resources */,
			);
			buildRules = (
			);
			dependencies = (
				3F30C28D21F0FC0400DB146F /* PBXTargetDependency */,
			);
			name = AlexSahaBlankAppUITests;
			productName = AlexSahaBlankAppUITests;
			productReference = 3F30C28B21F0FC0400DB146F /* AlexSahaBlankAppUITests.xctest */;
			productType = "com.apple.product-type.bundle.ui-testing";
		};
/* End PBXNativeTarget section */

/* Begin PBXProject section */
		3F30C26421F0FC0300DB146F /* Project object */ = {
			isa = PBXProject;
			attributes = {
				LastSwiftUpdateCheck = 1010;
				LastUpgradeCheck = 1010;
				ORGANIZATIONNAME = otterbein;
				TargetAttributes = {
					3F30C26B21F0FC0300DB146F = {
						CreatedOnToolsVersion = 10.1;
					};
					3F30C27F21F0FC0400DB146F = {
						CreatedOnToolsVersion = 10.1;
						TestTargetID = 3F30C26B21F0FC0300DB146F;
					};
					3F30C28A21F0FC0400DB146F = {
						CreatedOnToolsVersion = 10.1;
						TestTargetID = 3F30C26B21F0FC0300DB146F;
					};
				};
			};
			buildConfigurationList = 3F30C26721F0FC0300DB146F /* Build configuration list for PBXProject "AlexSahaBlankApp" */;
			compatibilityVersion = "Xcode 9.3";
			developmentRegion = en;
			hasScannedForEncodings = 0;
			knownRegions = (
				en,
				Base,
			);
			mainGroup = 3F30C26321F0FC0300DB146F;
			productRefGroup = 3F30C26D21F0FC0300DB146F /* Products */;
			projectDirPath = "";
			projectRoot = "";
			targets = (
				3F30C26B21F0FC0300DB146F /* AlexSahaBlankApp */,
				3F30C27F21F0FC0400DB146F /* AlexSahaBlankAppTests */,
				3F30C28A21F0FC0400DB146F /* AlexSahaBlankAppUITests */,
			);
		};
/* End PBXProject section */

/* Begin PBXResourcesBuildPhase section */
		3F30C26A21F0FC0300DB146F /* Resources */ = {
			isa = PBXResourcesBuildPhase;
			buildActionMask = 2147483647;
			files = (
				3F30C27A21F0FC0400DB146F /* LaunchScreen.storyboard in Resources */,
				3F30C27721F0FC0400DB146F /* Assets.xcassets in Resources */,
				3F30C27521F0FC0300DB146F /* Main.storyboard in Resources */,
			);
			runOnlyForDeploymentPostprocessing = 0;
		};
		3F30C27E21F0FC0400DB146F /* Resources */ = {
			isa = PBXResourcesBuildPhase;
			buildActionMask = 2147483647;
			files = (
			);
			runOnlyForDeploymentPostprocessing = 0;
		};
		3F30C28921F0FC0400DB146F /* Resources */ = {
			isa = PBXResourcesBuildPhase;
			buildActionMask = 2147483647;
			files = (
			);
			runOnlyForDeploymentPostprocessing = 0;
		};
/* End PBXResourcesBuildPhase section */

/* Begin PBXSourcesBuildPhase section */
		3F30C26821F0FC0300DB146F /* Sources */ = {
			isa = PBXSourcesBuildPhase;
			buildActionMask = 2147483647;
			files = (
				3F30C27221F0FC0300DB146F /* ViewController.swift in Sources */,
				3F30C27021F0FC0300DB146F /* AppDelegate.swift in Sources */,
			);
			runOnlyForDeploymentPostprocessing = 0;
		};
		3F30C27C21F0FC0400DB146F /* Sources */ = {
			isa = PBXSourcesBuildPhase;
			buildActionMask = 2147483647;
			files = (
				3F30C28521F0FC0400DB146F /* AlexSahaBlankAppTests.swift in Sources */,
			);
			runOnlyForDeploymentPostprocessing = 0;
		};
		3F30C28721F0FC0400DB146F /* Sources */ = {
			isa = PBXSourcesBuildPhase;
			buildActionMask = 2147483647;
			files = (
				3F30C29021F0FC0400DB146F /* AlexSahaBlankAppUITests.swift in Sources */,
			);
			runOnlyForDeploymentPostprocessing = 0;
		};
/* End PBXSourcesBuildPhase section */

/* Begin PBXTargetDependency section */
		3F30C28221F0FC0400DB146F /* PBXTargetDependency */ = {
			isa = PBXTargetDependency;
			target = 3F30C26B21F0FC0300DB146F /* AlexSahaBlankApp */;
			targetProxy = 3F30C28121F0FC0400DB146F /* PBXContainerItemProxy */;
		};
		3F30C28D21F0FC0400DB146F /* PBXTargetDependency */ = {
			isa = PBXTargetDependency;
			target = 3F30C26B21F0FC0300DB146F /* AlexSahaBlankApp */;
			targetProxy = 3F30C28C21F0FC0400DB146F /* PBXContainerItemProxy */;
		};
/* End PBXTargetDependency section */

/* Begin PBXVariantGroup section */
		3F30C27321F0FC0300DB146F /* Main.storyboard */ = {
			isa = PBXVariantGroup;
			children = (
				3F30C27421F0FC0300DB146F /* Base */,
			);
			name = Main.storyboard;
			sourceTree = "<group>";
		};
		3F30C27821F0FC0400DB146F /* LaunchScreen.storyboard */ = {
			isa = PBXVariantGroup;
			children = (
				3F30C27921F0FC0400DB146F /* Base */,
			);
			name = LaunchScreen.storyboard;
			sourceTree = "<group>";
		};
/* End PBXVariantGroup section */

/* Begin XCBuildConfiguration section */
		3F30C29221F0FC0400DB146F /* Debug */ = {
			isa = XCBuildConfiguration;
			buildSettings = {
				ALWAYS_SEARCH_USER_PATHS = NO;
				CLANG_ANALYZER_NONNULL = YES;
				CLANG_ANALYZER_NUMBER_OBJECT_CONVERSION = YES_AGGRESSIVE;
				CLANG_CXX_LANGUAGE_STANDARD = "gnu++14";
				CLANG_CXX_LIBRARY = "libc++";
				CLANG_ENABLE_MODULES = YES;
				CLANG_ENABLE_OBJC_ARC = YES;
				CLANG_ENABLE_OBJC_WEAK = YES;
				CLANG_WARN_BLOCK_CAPTURE_AUTORELEASING = YES;
				CLANG_WARN_BOOL_CONVERSION = YES;
				CLANG_WARN_COMMA = YES;
				CLANG_WARN_CONSTANT_CONVERSION = YES;
				CLANG_WARN_DEPRECATED_OBJC_IMPLEMENTATIONS = YES;
				CLANG_WARN_DIRECT_OBJC_ISA_USAGE = YES_ERROR;
				CLANG_WARN_DOCUMENTATION_COMMENTS = YES;
				CLANG_WARN_EMPTY_BODY = YES;
				CLANG_WARN_ENUM_CONVERSION = YES;
				CLANG_WARN_INFINITE_RECURSION = YES;
				CLANG_WARN_INT_CONVERSION = YES;
				CLANG_WARN_NON_LITERAL_NULL_CONVERSION = YES;
				CLANG_WARN_OBJC_IMPLICIT_RETAIN_SELF = YES;
				CLANG_WARN_OBJC_LITERAL_CONVERSION = YES;
				CLANG_WARN_OBJC_ROOT_CLASS = YES_ERROR;
				CLANG_WARN_RANGE_LOOP_ANALYSIS = YES;
				CLANG_WARN_STRICT_PROTOTYPES = YES;
				CLANG_WARN_SUSPICIOUS_MOVE = YES;
				CLANG_WARN_UNGUARDED_AVAILABILITY = YES_AGGRESSIVE;
				CLANG_WARN_UNREACHABLE_CODE = YES;
				CLANG_WARN__DUPLICATE_METHOD_MATCH = YES;
				CODE_SIGN_IDENTITY = "iPhone Developer";
				COPY_PHASE_STRIP = NO;
				DEBUG_INFORMATION_FORMAT = dwarf;
				ENABLE_STRICT_OBJC_MSGSEND = YES;
				ENABLE_TESTABILITY = YES;
				GCC_C_LANGUAGE_STANDARD = gnu11;
				GCC_DYNAMIC_NO_PIC = NO;
				GCC_NO_COMMON_BLOCKS = YES;
				GCC_OPTIMIZATION_LEVEL = 0;
				GCC_PREPROCESSOR_DEFINITIONS = (
					"DEBUG=1",
					"$(inherited)",
				);
				GCC_WARN_64_TO_32_BIT_CONVERSION = YES;
				GCC_WARN_ABOUT_RETURN_TYPE = YES_ERROR;
				GCC_WARN_UNDECLARED_SELECTOR = YES;
				GCC_WARN_UNINITIALIZED_AUTOS = YES_AGGRESSIVE;
				GCC_WARN_UNUSED_FUNCTION = YES;
				GCC_WARN_UNUSED_VARIABLE = YES;
				IPHONEOS_DEPLOYMENT_TARGET = 12.1;
				MTL_ENABLE_DEBUG_INFO = INCLUDE_SOURCE;
				MTL_FAST_MATH = YES;
				ONLY_ACTIVE_ARCH = YES;
				SDKROOT = iphoneos;
				SWIFT_ACTIVE_COMPILATION_CONDITIONS = DEBUG;
				SWIFT_OPTIMIZATION_LEVEL = "-Onone";
			};
			name = Debug;
		};
		3F30C29321F0FC0400DB146F /* Release */ = {
			isa = XCBuildConfiguration;
			buildSettings = {
				ALWAYS_SEARCH_USER_PATHS = NO;
				CLANG_ANALYZER_NONNULL = YES;
				CLANG_ANALYZER_NUMBER_OBJECT_CONVERSION = YES_AGGRESSIVE;
				CLANG_CXX_LANGUAGE_STANDARD = "gnu++14";
				CLANG_CXX_LIBRARY = "libc++";
				CLANG_ENABLE_MODULES = YES;
				CLANG_ENABLE_OBJC_ARC = YES;
				CLANG_ENABLE_OBJC_WEAK = YES;
				CLANG_WARN_BLOCK_CAPTURE_AUTORELEASING = YES;
				CLANG_WARN_BOOL_CONVERSION = YES;
				CLANG_WARN_COMMA = YES;
				CLANG_WARN_CONSTANT_CONVERSION = YES;
				CLANG_WARN_DEPRECATED_OBJC_IMPLEMENTATIONS = YES;
				CLANG_WARN_DIRECT_OBJC_ISA_USAGE = YES_ERROR;
				CLANG_WARN_DOCUMENTATION_COMMENTS = YES;
				CLANG_WARN_EMPTY_BODY = YES;
				CLANG_WARN_ENUM_CONVERSION = YES;
				CLANG_WARN_INFINITE_RECURSION = YES;
				CLANG_WARN_INT_CONVERSION = YES;
				CLANG_WARN_NON_LITERAL_NULL_CONVERSION = YES;
				CLANG_WARN_OBJC_IMPLICIT_RETAIN_SELF = YES;
				CLANG_WARN_OBJC_LITERAL_CONVERSION = YES;
				CLANG_WARN_OBJC_ROOT_CLASS = YES_ERROR;
				CLANG_WARN_RANGE_LOOP_ANALYSIS = YES;
				CLANG_WARN_STRICT_PROTOTYPES = YES;
				CLANG_WARN_SUSPICIOUS_MOVE = YES;
				CLANG_WARN_UNGUARDED_AVAILABILITY = YES_AGGRESSIVE;
				CLANG_WARN_UNREACHABLE_CODE = YES;
				CLANG_WARN__DUPLICATE_METHOD_MATCH = YES;
				CODE_SIGN_IDENTITY = "iPhone Developer";
				COPY_PHASE_STRIP = NO;
				DEBUG_INFORMATION_FORMAT = "dwarf-with-dsym";
				ENABLE_NS_ASSERTIONS = NO;
				ENABLE_STRICT_OBJC_MSGSEND = YES;
				GCC_C_LANGUAGE_STANDARD = gnu11;
				GCC_NO_COMMON_BLOCKS = YES;
				GCC_WARN_64_TO_32_BIT_CONVERSION = YES;
				GCC_WARN_ABOUT_RETURN_TYPE = YES_ERROR;
				GCC_WARN_UNDECLARED_SELECTOR = YES;
				GCC_WARN_UNINITIALIZED_AUTOS = YES_AGGRESSIVE;
				GCC_WARN_UNUSED_FUNCTION = YES;
				GCC_WARN_UNUSED_VARIABLE = YES;
				IPHONEOS_DEPLOYMENT_TARGET = 12.1;
				MTL_ENABLE_DEBUG_INFO = NO;
				MTL_FAST_MATH = YES;
				SDKROOT = iphoneos;
				SWIFT_COMPILATION_MODE = wholemodule;
				SWIFT_OPTIMIZATION_LEVEL = "-O";
				VALIDATE_PRODUCT = YES;
			};
			name = Release;
		};
		3F30C29521F0FC0400DB146F /* Debug */ = {
			isa = XCBuildConfiguration;
			buildSettings = {
				ASSETCATALOG_COMPILER_APPICON_NAME = AppIcon;
				CODE_SIGN_STYLE = Automatic;
				INFOPLIST_FILE = AlexSahaBlankApp/Info.plist;
				LD_RUNPATH_SEARCH_PATHS = (
					"$(inherited)",
					"@executable_path/Frameworks",
				);
				PRODUCT_BUNDLE_IDENTIFIER = otterbein.edu.AlexSahaBlankApp;
				PRODUCT_NAME = "$(TARGET_NAME)";
				SWIFT_VERSION = 4.2;
				TARGETED_DEVICE_FAMILY = "1,2";
			};
			name = Debug;
		};
		3F30C29621F0FC0400DB146F /* Release */ = {
			isa = XCBuildConfiguration;
			buildSettings = {
				ASSETCATALOG_COMPILER_APPICON_NAME = AppIcon;
				CODE_SIGN_STYLE = Automatic;
				INFOPLIST_FILE = AlexSahaBlankApp/Info.plist;
				LD_RUNPATH_SEARCH_PATHS = (
					"$(inherited)",
					"@executable_path/Frameworks",
				);
				PRODUCT_BUNDLE_IDENTIFIER = otterbein.edu.AlexSahaBlankApp;
				PRODUCT_NAME = "$(TARGET_NAME)";
				SWIFT_VERSION = 4.2;
				TARGETED_DEVICE_FAMILY = "1,2";
			};
			name = Release;
		};
		3F30C29821F0FC0400DB146F /* Debug */ = {
			isa = XCBuildConfiguration;
			buildSettings = {
				ALWAYS_EMBED_SWIFT_STANDARD_LIBRARIES = YES;
				BUNDLE_LOADER = "$(TEST_HOST)";
				CODE_SIGN_STYLE = Automatic;
				INFOPLIST_FILE = AlexSahaBlankAppTests/Info.plist;
				LD_RUNPATH_SEARCH_PATHS = (
					"$(inherited)",
					"@executable_path/Frameworks",
					"@loader_path/Frameworks",
				);
				PRODUCT_BUNDLE_IDENTIFIER = otterbein.edu.AlexSahaBlankAppTests;
				PRODUCT_NAME = "$(TARGET_NAME)";
				SWIFT_VERSION = 4.2;
				TARGETED_DEVICE_FAMILY = "1,2";
				TEST_HOST = "$(BUILT_PRODUCTS_DIR)/AlexSahaBlankApp.app/AlexSahaBlankApp";
			};
			name = Debug;
		};
		3F30C29921F0FC0400DB146F /* Release */ = {
			isa = XCBuildConfiguration;
			buildSettings = {
				ALWAYS_EMBED_SWIFT_STANDARD_LIBRARIES = YES;
				BUNDLE_LOADER = "$(TEST_HOST)";
				CODE_SIGN_STYLE = Automatic;
				INFOPLIST_FILE = AlexSahaBlankAppTests/Info.plist;
				LD_RUNPATH_SEARCH_PATHS = (
					"$(inherited)",
					"@executable_path/Frameworks",
					"@loader_path/Frameworks",
				);
				PRODUCT_BUNDLE_IDENTIFIER = otterbein.edu.AlexSahaBlankAppTests;
				PRODUCT_NAME = "$(TARGET_NAME)";
				SWIFT_VERSION = 4.2;
				TARGETED_DEVICE_FAMILY = "1,2";
				TEST_HOST = "$(BUILT_PRODUCTS_DIR)/AlexSahaBlankApp.app/AlexSahaBlankApp";
			};
			name = Release;
		};
		3F30C29B21F0FC0400DB146F /* Debug */ = {
			isa = XCBuildConfiguration;
			buildSettings = {
				ALWAYS_EMBED_SWIFT_STANDARD_LIBRARIES = YES;
				CODE_SIGN_STYLE = Automatic;
				INFOPLIST_FILE = AlexSahaBlankAppUITests/Info.plist;
				LD_RUNPATH_SEARCH_PATHS = (
					"$(inherited)",
					"@executable_path/Frameworks",
					"@loader_path/Frameworks",
				);
				PRODUCT_BUNDLE_IDENTIFIER = otterbein.edu.AlexSahaBlankAppUITests;
				PRODUCT_NAME = "$(TARGET_NAME)";
				SWIFT_VERSION = 4.2;
				TARGETED_DEVICE_FAMILY = "1,2";
				TEST_TARGET_NAME = AlexSahaBlankApp;
			};
			name = Debug;
		};
		3F30C29C21F0FC0400DB146F /* Release */ = {
			isa = XCBuildConfiguration;
			buildSettings = {
				ALWAYS_EMBED_SWIFT_STANDARD_LIBRARIES = YES;
				CODE_SIGN_STYLE = Automatic;
				INFOPLIST_FILE = AlexSahaBlankAppUITests/Info.plist;
				LD_RUNPATH_SEARCH_PATHS = (
					"$(inherited)",
					"@executable_path/Frameworks",
					"@loader_path/Frameworks",
				);
				PRODUCT_BUNDLE_IDENTIFIER = otterbein.edu.AlexSahaBlankAppUITests;
				PRODUCT_NAME = "$(TARGET_NAME)";
				SWIFT_VERSION = 4.2;
				TARGETED_DEVICE_FAMILY = "1,2";
				TEST_TARGET_NAME = AlexSahaBlankApp;
			};
			name = Release;
		};
/* End XCBuildConfiguration section */

/* Begin XCConfigurationList section */
		3F30C26721F0FC0300DB146F /* Build configuration list for PBXProject "AlexSahaBlankApp" */ = {
			isa = XCConfigurationList;
			buildConfigurations = (
				3F30C29221F0FC0400DB146F /* Debug */,
				3F30C29321F0FC0400DB146F /* Release */,
			);
			defaultConfigurationIsVisible = 0;
			defaultConfigurationName = Release;
		};
		3F30C29421F0FC0400DB146F /* Build configuration list for PBXNativeTarget "AlexSahaBlankApp" */ = {
			isa = XCConfigurationList;
			buildConfigurations = (
				3F30C29521F0FC0400DB146F /* Debug */,
				3F30C29621F0FC0400DB146F /* Release */,
			);
			defaultConfigurationIsVisible = 0;
			defaultConfigurationName = Release;
		};
		3F30C29721F0FC0400DB146F /* Build configuration list for PBXNativeTarget "AlexSahaBlankAppTests" */ = {
			isa = XCConfigurationList;
			buildConfigurations = (
				3F30C29821F0FC0400DB146F /* Debug */,
				3F30C29921F0FC0400DB146F /* Release */,
			);
			defaultConfigurationIsVisible = 0;
			defaultConfigurationName = Release;
		};
		3F30C29A21F0FC0400DB146F /* Build configuration list for PBXNativeTarget "AlexSahaBlankAppUITests" */ = {
			isa = XCConfigurationList;
			buildConfigurations = (
				3F30C29B21F0FC0400DB146F /* Debug */,
				3F30C29C21F0FC0400DB146F /* Release */,
			);
			defaultConfigurationIsVisible = 0;
			defaultConfigurationName = Release;
		};
/* End XCConfigurationList section */
	};
	rootObject = 3F30C26421F0FC0300DB146F /* Project object */;
}
